
Microsoft Visual Studio Solution File, Format Version 12.00
# Visual Studio Version 16
VisualStudioVersion = 16.0.29411.108
MinimumVisualStudioVersion = 10.0.40219.1
Project("{FAE04EC0-301F-11D3-BF4B-00C04F79EFBC}") = "kafka.reqrep", "kafka.reqrep\kafka.reqrep.csproj", "{AEBF23D1-06F9-4A95-BDE5-DAEB4A63117E}"
EndProject
Project("{E53339B2-1760-4266-BCC7-CA923CBCF16C}") = "docker-compose", "docker-compose.dcproj", "{F47AC46E-5705-4EBA-B531-EEF4A742ABC8}"
EndProject
Project("{2150E333-8FDC-42A3-9474-1A3956D46DE8}") = "ksql", "ksql", "{C25ED04E-4D46-4F98-A431-4958B3130FB2}"
EndProject
Global
	GlobalSection(SolutionConfigurationPlatforms) = preSolution
		Debug|Any CPU = Debug|Any CPU
		Release|Any CPU = Release|Any CPU
	EndGlobalSection
	GlobalSection(ProjectConfigurationPlatforms) = postSolution
		{AEBF23D1-06F9-4A95-BDE5-DAEB4A63117E}.Debug|Any CPU.ActiveCfg = Debug|Any CPU
		{AEBF23D1-06F9-4A95-BDE5-DAEB4A63117E}.Debug|Any CPU.Build.0 = Debug|Any CPU
		{AEBF23D1-06F9-4A95-BDE5-DAEB4A63117E}.Release|Any CPU.ActiveCfg = Release|Any CPU
		{AEBF23D1-06F9-4A95-BDE5-DAEB4A63117E}.Release|Any CPU.Build.0 = Release|Any CPU
		{F47AC46E-5705-4EBA-B531-EEF4A742ABC8}.Debug|Any CPU.ActiveCfg = Debug|Any CPU
		{F47AC46E-5705-4EBA-B531-EEF4A742ABC8}.Debug|Any CPU.Build.0 = Debug|Any CPU
		{F47AC46E-5705-4EBA-B531-EEF4A742ABC8}.Release|Any CPU.ActiveCfg = Release|Any CPU
		{F47AC46E-5705-4EBA-B531-EEF4A742ABC8}.Release|Any CPU.Build.0 = Release|Any CPU
	EndGlobalSection
	GlobalSection(SolutionProperties) = preSolution
		HideSolutionNode = FALSE
	EndGlobalSection
	GlobalSection(ExtensibilityGlobals) = postSolution
		SolutionGuid = {60B7C653-C2EC-4F6C-BC42-76690D9C92D9}
	EndGlobalSection
EndGlobal
